
Microsoft Visual Studio Solution File, Format Version 12.00
# Visual Studio Version 17
VisualStudioVersion = 17.14.36811.4
MinimumVisualStudioVersion = 10.0.40219.1
Project("{FAE04EC0-301F-11D3-BF4B-00C04F79EFBC}") = "Supermarket.Api", "Supermarket.Api\Supermarket.Api.csproj", "{E03A157F-9166-4B14-8D9C-90D35B2E6E17}"
EndProject
Project("{FAE04EC0-301F-11D3-BF4B-00C04F79EFBC}") = "Supermarket.Domain", "Supermarket.Domain\Supermarket.Domain.csproj", "{6BE7C6ED-2349-474C-8BFE-2AD92CE94C2B}"
EndProject
Project("{FAE04EC0-301F-11D3-BF4B-00C04F79EFBC}") = "Supermarket.Application", "Supermarket.Application\Supermarket.Application.csproj", "{C1A4C3B5-CAA5-41C8-8ED1-9110EEBEF47E}"
EndProject
Project("{FAE04EC0-301F-11D3-BF4B-00C04F79EFBC}") = "Supermarket.Infrastructure", "Supermarket.Infrastructure\Supermarket.Infrastructure.csproj", "{5DD14552-B825-4C39-9ADD-4CBD4FC36562}"
EndProject
Project("{2150E333-8FDC-42A3-9474-1A3956D46DE8}") = "frontend", "frontend", "{02EA681E-C7D8-13C7-8484-4AC65E1B71E8}"
	ProjectSection(SolutionItems) = preProject
		supermarket.web\.gitignore = supermarket.web\.gitignore
		supermarket.web\eslint.config.js = supermarket.web\eslint.config.js
		supermarket.web\index.html = supermarket.web\index.html
		supermarket.web\package-lock.json = supermarket.web\package-lock.json
		supermarket.web\package.json = supermarket.web\package.json
		supermarket.web\README.md = supermarket.web\README.md
		supermarket.web\tsconfig.app.json = supermarket.web\tsconfig.app.json
		supermarket.web\tsconfig.json = supermarket.web\tsconfig.json
		supermarket.web\tsconfig.node.json = supermarket.web\tsconfig.node.json
		supermarket.web\vite.config.ts = supermarket.web\vite.config.ts
	EndProjectSection
EndProject
Global
	GlobalSection(SolutionConfigurationPlatforms) = preSolution
		Debug|Any CPU = Debug|Any CPU
		Release|Any CPU = Release|Any CPU
	EndGlobalSection
	GlobalSection(ProjectConfigurationPlatforms) = postSolution
		{E03A157F-9166-4B14-8D9C-90D35B2E6E17}.Debug|Any CPU.ActiveCfg = Debug|Any CPU
		{E03A157F-9166-4B14-8D9C-90D35B2E6E17}.Debug|Any CPU.Build.0 = Debug|Any CPU
		{E03A157F-9166-4B14-8D9C-90D35B2E6E17}.Release|Any CPU.ActiveCfg = Release|Any CPU
		{E03A157F-9166-4B14-8D9C-90D35B2E6E17}.Release|Any CPU.Build.0 = Release|Any CPU
		{6BE7C6ED-2349-474C-8BFE-2AD92CE94C2B}.Debug|Any CPU.ActiveCfg = Debug|Any CPU
		{6BE7C6ED-2349-474C-8BFE-2AD92CE94C2B}.Debug|Any CPU.Build.0 = Debug|Any CPU
		{6BE7C6ED-2349-474C-8BFE-2AD92CE94C2B}.Release|Any CPU.ActiveCfg = Release|Any CPU
		{6BE7C6ED-2349-474C-8BFE-2AD92CE94C2B}.Release|Any CPU.Build.0 = Release|Any CPU
		{C1A4C3B5-CAA5-41C8-8ED1-9110EEBEF47E}.Debug|Any CPU.ActiveCfg = Debug|Any CPU
		{C1A4C3B5-CAA5-41C8-8ED1-9110EEBEF47E}.Debug|Any CPU.Build.0 = Debug|Any CPU
		{C1A4C3B5-CAA5-41C8-8ED1-9110EEBEF47E}.Release|Any CPU.ActiveCfg = Release|Any CPU
		{C1A4C3B5-CAA5-41C8-8ED1-9110EEBEF47E}.Release|Any CPU.Build.0 = Release|Any CPU
		{5DD14552-B825-4C39-9ADD-4CBD4FC36562}.Debug|Any CPU.ActiveCfg = Debug|Any CPU
		{5DD14552-B825-4C39-9ADD-4CBD4FC36562}.Debug|Any CPU.Build.0 = Debug|Any CPU
		{5DD14552-B825-4C39-9ADD-4CBD4FC36562}.Release|Any CPU.ActiveCfg = Release|Any CPU
		{5DD14552-B825-4C39-9ADD-4CBD4FC36562}.Release|Any CPU.Build.0 = Release|Any CPU
	EndGlobalSection
	GlobalSection(SolutionProperties) = preSolution
		HideSolutionNode = FALSE
	EndGlobalSection
	GlobalSection(ExtensibilityGlobals) = postSolution
		SolutionGuid = {F69F623D-ABB6-453B-813C-48D33E0F3CD7}
	EndGlobalSection
EndGlobal
